
Microsoft Visual Studio Solution File, Format Version 12.00
# Visual Studio 15
VisualStudioVersion = 15.0.28307.106
MinimumVisualStudioVersion = 10.0.40219.1
Project("{8BC9CEB8-8B4A-11D0-8D11-00A0C91BC942}") = "MCtest", "MCtest\MCtest.vcxproj", "{F142B163-C67D-42D9-9236-0DED2E0AE8E8}"
EndProject
Global
	GlobalSection(SolutionConfigurationPlatforms) = preSolution
		Debug|x64 = Debug|x64
		Debug|x86 = Debug|x86
		Release|x64 = Release|x64
		Release|x86 = Release|x86
	EndGlobalSection
	GlobalSection(ProjectConfigurationPlatforms) = postSolution
		{F142B163-C67D-42D9-9236-0DED2E0AE8E8}.Debug|x64.ActiveCfg = Debug|x64
		{F142B163-C67D-42D9-9236-0DED2E0AE8E8}.Debug|x64.Build.0 = Debug|x64
		{F142B163-C67D-42D9-9236-0DED2E0AE8E8}.Debug|x86.ActiveCfg = Debug|Win32
		{F142B163-C67D-42D9-9236-0DED2E0AE8E8}.Debug|x86.Build.0 = Debug|Win32
		{F142B163-C67D-42D9-9236-0DED2E0AE8E8}.Release|x64.ActiveCfg = Release|x64
		{F142B163-C67D-42D9-9236-0DED2E0AE8E8}.Release|x64.Build.0 = Release|x64
		{F142B163-C67D-42D9-9236-0DED2E0AE8E8}.Release|x86.ActiveCfg = Release|Win32
		{F142B163-C67D-42D9-9236-0DED2E0AE8E8}.Release|x86.Build.0 = Release|Win32
	EndGlobalSection
	GlobalSection(SolutionProperties) = preSolution
		HideSolutionNode = FALSE
	EndGlobalSection
	GlobalSection(ExtensibilityGlobals) = postSolution
		SolutionGuid = {E8937B62-EF14-41F0-B46F-34A3A5388A90}
	EndGlobalSection
EndGlobal
